
Microsoft Visual Studio Solution File, Format Version 12.00
# Visual Studio Version 17
VisualStudioVersion = 17.6.33829.357
MinimumVisualStudioVersion = 10.0.40219.1
Project("{FAE04EC0-301F-11D3-BF4B-00C04F79EFBC}") = "HRWebApp", "HRWebApp\HRWebApp.csproj", "{18E03C10-56B9-4D34-B12B-D791005CA675}"
EndProject
Project("{FAE04EC0-301F-11D3-BF4B-00C04F79EFBC}") = "BOL", "BOL\BOL.csproj", "{642696FF-BA1E-4B09-948B-9AD431E43C95}"
EndProject
Project("{FAE04EC0-301F-11D3-BF4B-00C04F79EFBC}") = "DAL", "DAL\DAL.csproj", "{BF5B0463-3042-4370-9946-CB37B26135FA}"
EndProject
Global
	GlobalSection(SolutionConfigurationPlatforms) = preSolution
		Debug|Any CPU = Debug|Any CPU
		Release|Any CPU = Release|Any CPU
	EndGlobalSection
	GlobalSection(ProjectConfigurationPlatforms) = postSolution
		{18E03C10-56B9-4D34-B12B-D791005CA675}.Debug|Any CPU.ActiveCfg = Debug|Any CPU
		{18E03C10-56B9-4D34-B12B-D791005CA675}.Debug|Any CPU.Build.0 = Debug|Any CPU
		{18E03C10-56B9-4D34-B12B-D791005CA675}.Release|Any CPU.ActiveCfg = Release|Any CPU
		{18E03C10-56B9-4D34-B12B-D791005CA675}.Release|Any CPU.Build.0 = Release|Any CPU
		{642696FF-BA1E-4B09-948B-9AD431E43C95}.Debug|Any CPU.ActiveCfg = Debug|Any CPU
		{642696FF-BA1E-4B09-948B-9AD431E43C95}.Debug|Any CPU.Build.0 = Debug|Any CPU
		{642696FF-BA1E-4B09-948B-9AD431E43C95}.Release|Any CPU.ActiveCfg = Release|Any CPU
		{642696FF-BA1E-4B09-948B-9AD431E43C95}.Release|Any CPU.Build.0 = Release|Any CPU
		{BF5B0463-3042-4370-9946-CB37B26135FA}.Debug|Any CPU.ActiveCfg = Debug|Any CPU
		{BF5B0463-3042-4370-9946-CB37B26135FA}.Debug|Any CPU.Build.0 = Debug|Any CPU
		{BF5B0463-3042-4370-9946-CB37B26135FA}.Release|Any CPU.ActiveCfg = Release|Any CPU
		{BF5B0463-3042-4370-9946-CB37B26135FA}.Release|Any CPU.Build.0 = Release|Any CPU
	EndGlobalSection
	GlobalSection(SolutionProperties) = preSolution
		HideSolutionNode = FALSE
	EndGlobalSection
	GlobalSection(ExtensibilityGlobals) = postSolution
		SolutionGuid = {023807DF-26A6-4F49-99D0-D10AEEA9FCCA}
	EndGlobalSection
EndGlobal
